{
  "requires": true,
  "lockfileVersion": 1,
  "dependencies": {
    "@tensorflow-models/posenet": {
      "version": "0.2.3",
      "resolved": "https://registry.npmjs.org/@tensorflow-models/posenet/-/posenet-0.2.3.tgz",
      "integrity": "sha512-PcYnxkUW9FMPRROVk2RhE9rzxnmi0pd/psVRmhkTX76Y4BX8VArlT9S0z2yBjEG7hs/iCFsKeu98L2ahDmGZpA=="
    }
  }
}
